
Microsoft Visual Studio Solution File, Format Version 12.00
# Visual Studio Version 16
VisualStudioVersion = 16.0.31313.79
MinimumVisualStudioVersion = 10.0.40219.1
Project("{FAE04EC0-301F-11D3-BF4B-00C04F79EFBC}") = "TestCalculator", "TestCalculator.csproj", "{A198B737-93EC-45AE-8439-A8B49DDA4730}"
EndProject
Global
	GlobalSection(SolutionConfigurationPlatforms) = preSolution
		Debug|Any CPU = Debug|Any CPU
		Release|Any CPU = Release|Any CPU
	EndGlobalSection
	GlobalSection(ProjectConfigurationPlatforms) = postSolution
		{A198B737-93EC-45AE-8439-A8B49DDA4730}.Debug|Any CPU.ActiveCfg = Debug|Any CPU
		{A198B737-93EC-45AE-8439-A8B49DDA4730}.Debug|Any CPU.Build.0 = Debug|Any CPU
		{A198B737-93EC-45AE-8439-A8B49DDA4730}.Release|Any CPU.ActiveCfg = Release|Any CPU
		{A198B737-93EC-45AE-8439-A8B49DDA4730}.Release|Any CPU.Build.0 = Release|Any CPU
	EndGlobalSection
	GlobalSection(SolutionProperties) = preSolution
		HideSolutionNode = FALSE
	EndGlobalSection
	GlobalSection(ExtensibilityGlobals) = postSolution
		SolutionGuid = {3F8B6E9E-FDAD-4DE5-BFE1-37CC67FB5925}
	EndGlobalSection
EndGlobal
